lockfileVersion: '6.0'

settings:
  autoInstallPeers: true
  excludeLinksFromLockfile: false

dependencies:
  '@octokit/webhooks':
    specifier: ^13.2.7
    version: 13.2.7
  hono:
    specifier: ^4.4.6
    version: 4.4.6
  octokit:
    specifier: ^4.0.2
    version: 4.0.2

devDependencies:
  '@cloudflare/workers-types':
    specifier: ^4.20240529.0
    version: 4.20240614.0
  wrangler:
    specifier: ^3.57.2
    version: 3.60.3(@cloudflare/workers-types@4.20240614.0)

packages:

  /@cloudflare/kv-asset-handler@0.3.2:
    resolution: {integrity: sha512-EeEjMobfuJrwoctj7FA1y1KEbM0+Q1xSjobIEyie9k4haVEBB7vkDvsasw1pM3rO39mL2akxIAzLMUAtrMHZhA==}
    engines: {node: '>=16.13'}
    dependencies:
      mime: 3.0.0
    dev: true

  /@cloudflare/workerd-darwin-64@1.20240610.1:
    resolution: {integrity: sha512-YanZ1iXgMGaUWlleB5cswSE6qbzyjQ8O7ENWZcPAcZZ6BfuL7q3CWi0t9iM1cv2qx92rRztsRTyjcfq099++XQ==}
    engines: {node: '>=16'}
    cpu: [x64]
    os: [darwin]
    requiresBuild: true
    dev: true
    optional: true

  /@cloudflare/workerd-darwin-arm64@1.20240610.1:
    resolution: {integrity: sha512-bRe/y/LKjIgp3L2EHjc+CvoCzfHhf4aFTtOBkv2zW+VToNJ4KlXridndf7LvR9urfsFRRo9r4TXCssuKaU+ypQ==}
    engines: {node: '>=16'}
    cpu: [arm64]
    os: [darwin]
    requiresBuild: true
    dev: true
    optional: true

  /@cloudflare/workerd-linux-64@1.20240610.1:
    resolution: {integrity: sha512-2zDcadR7+Gs9SjcMXmwsMji2Xs+yASGNA2cEHDuFc4NMUup+eL1mkzxc/QzvFjyBck98e92rBjMZt2dVscpGKg==}
    engines: {node: '>=16'}
    cpu: [x64]
    os: [linux]
    requiresBuild: true
    dev: true
    optional: true

  /@cloudflare/workerd-linux-arm64@1.20240610.1:
    resolution: {integrity: sha512-7y41rPi5xmIYJN8CY+t3RHnjLL0xx/WYmaTd/j552k1qSr02eTE2o/TGyWZmGUC+lWnwdPQJla0mXbvdqgRdQg==}
    engines: {node: '>=16'}
    cpu: [arm64]
    os: [linux]
    requiresBuild: true
    dev: true
    optional: true

  /@cloudflare/workerd-windows-64@1.20240610.1:
    resolution: {integrity: sha512-B0LyT3DB6rXHWNptnntYHPaoJIy0rXnGfeDBM3nEVV8JIsQrx8MEFn2F2jYioH1FkUVavsaqKO/zUosY3tZXVA==}
    engines: {node: '>=16'}
    cpu: [x64]
    os: [win32]
    requiresBuild: true
    dev: true
    optional: true

  /@cloudflare/workers-types@4.20240614.0:
    resolution: {integrity: sha512-fnV3uXD1Hpq5EWnY7XYb+smPcjzIoUFiZpTSV/Tk8qKL3H+w6IqcngZwXQBZ/2U/DwYkDilXHW3FfPhnyD7FZA==}
    dev: true

  /@cspotcode/source-map-support@0.8.1:
    resolution: {integrity: sha512-IchNf6dN4tHoMFIn/7OE8LWZ19Y6q/67Bmf6vnGREv8RSbBVb9LPJxEcnwrcwX6ixSvaiGoomAUvu4YSxXrVgw==}
    engines: {node: '>=12'}
    dependencies:
      '@jridgewell/trace-mapping': 0.3.9
    dev: true

  /@esbuild-plugins/node-globals-polyfill@0.2.3(esbuild@0.17.19):
    resolution: {integrity: sha512-r3MIryXDeXDOZh7ih1l/yE9ZLORCd5e8vWg02azWRGj5SPTuoh69A2AIyn0Z31V/kHBfZ4HgWJ+OK3GTTwLmnw==}
    peerDependencies:
      esbuild: '*'
    dependencies:
      esbuild: 0.17.19
    dev: true

  /@esbuild-plugins/node-modules-polyfill@0.2.2(esbuild@0.17.19):
    resolution: {integrity: sha512-LXV7QsWJxRuMYvKbiznh+U1ilIop3g2TeKRzUxOG5X3YITc8JyyTa90BmLwqqv0YnX4v32CSlG+vsziZp9dMvA==}
    peerDependencies:
      esbuild: '*'
    dependencies:
      esbuild: 0.17.19
      escape-string-regexp: 4.0.0
      rollup-plugin-node-polyfills: 0.2.1
    dev: true

  /@esbuild/android-arm64@0.17.19:
    resolution: {integrity: sha512-KBMWvEZooR7+kzY0BtbTQn0OAYY7CsiydT63pVEaPtVYF0hXbUaOyZog37DKxK7NF3XacBJOpYT4adIJh+avxA==}
    engines: {node: '>=12'}
    cpu: [arm64]
    os: [android]
    requiresBuild: true
    dev: true
    optional: true

  /@esbuild/android-arm@0.17.19:
    resolution: {integrity: sha512-rIKddzqhmav7MSmoFCmDIb6e2W57geRsM94gV2l38fzhXMwq7hZoClug9USI2pFRGL06f4IOPHHpFNOkWieR8A==}
    engines: {node: '>=12'}
    cpu: [arm]
    os: [android]
    requiresBuild: true
    dev: true
    optional: true

  /@esbuild/android-x64@0.17.19:
    resolution: {integrity: sha512-uUTTc4xGNDT7YSArp/zbtmbhO0uEEK9/ETW29Wk1thYUJBz3IVnvgEiEwEa9IeLyvnpKrWK64Utw2bgUmDveww==}
    engines: {node: '>=12'}
    cpu: [x64]
    os: [android]
    requiresBuild: true
    dev: true
    optional: true

  /@esbuild/darwin-arm64@0.17.19:
    resolution: {integrity: sha512-80wEoCfF/hFKM6WE1FyBHc9SfUblloAWx6FJkFWTWiCoht9Mc0ARGEM47e67W9rI09YoUxJL68WHfDRYEAvOhg==}
    engines: {node: '>=12'}
    cpu: [arm64]
    os: [darwin]
    requiresBuild: true
    dev: true
    optional: true

  /@esbuild/darwin-x64@0.17.19:
    resolution: {integrity: sha512-IJM4JJsLhRYr9xdtLytPLSH9k/oxR3boaUIYiHkAawtwNOXKE8KoU8tMvryogdcT8AU+Bflmh81Xn6Q0vTZbQw==}
    engines: {node: '>=12'}
    cpu: [x64]
    os: [darwin]
    requiresBuild: true
    dev: true
    optional: true

  /@esbuild/freebsd-arm64@0.17.19:
    resolution: {integrity: sha512-pBwbc7DufluUeGdjSU5Si+P3SoMF5DQ/F/UmTSb8HXO80ZEAJmrykPyzo1IfNbAoaqw48YRpv8shwd1NoI0jcQ==}
    engines: {node: '>=12'}
    cpu: [arm64]
    os: [freebsd]
    requiresBuild: true
    dev: true
    optional: true

  /@esbuild/freebsd-x64@0.17.19:
    resolution: {integrity: sha512-4lu+n8Wk0XlajEhbEffdy2xy53dpR06SlzvhGByyg36qJw6Kpfk7cp45DR/62aPH9mtJRmIyrXAS5UWBrJT6TQ==}
    engines: {node: '>=12'}
    cpu: [x64]
    os: [freebsd]
    requiresBuild: true
    dev: true
    optional: true

  /@esbuild/linux-arm64@0.17.19:
    resolution: {integrity: sha512-ct1Tg3WGwd3P+oZYqic+YZF4snNl2bsnMKRkb3ozHmnM0dGWuxcPTTntAF6bOP0Sp4x0PjSF+4uHQ1xvxfRKqg==}
    engines: {node: '>=12'}
    cpu: [arm64]
    os: [linux]
    requiresBuild: true
    dev: true
    optional: true

  /@esbuild/linux-arm@0.17.19:
    resolution: {integrity: sha512-cdmT3KxjlOQ/gZ2cjfrQOtmhG4HJs6hhvm3mWSRDPtZ/lP5oe8FWceS10JaSJC13GBd4eH/haHnqf7hhGNLerA==}
    engines: {node: '>=12'}
    cpu: [arm]
    os: [linux]
    requiresBuild: true
    dev: true
    optional: true

  /@esbuild/linux-ia32@0.17.19:
    resolution: {integrity: sha512-w4IRhSy1VbsNxHRQpeGCHEmibqdTUx61Vc38APcsRbuVgK0OPEnQ0YD39Brymn96mOx48Y2laBQGqgZ0j9w6SQ==}
    engines: {node: '>=12'}
    cpu: [ia32]
    os: [linux]
    requiresBuild: true
    dev: true
    optional: true

  /@esbuild/linux-loong64@0.17.19:
    resolution: {integrity: sha512-2iAngUbBPMq439a+z//gE+9WBldoMp1s5GWsUSgqHLzLJ9WoZLZhpwWuym0u0u/4XmZ3gpHmzV84PonE+9IIdQ==}
    engines: {node: '>=12'}
    cpu: [loong64]
    os: [linux]
    requiresBuild: true
    dev: true
    optional: true

  /@esbuild/linux-mips64el@0.17.19:
    resolution: {integrity: sha512-LKJltc4LVdMKHsrFe4MGNPp0hqDFA1Wpt3jE1gEyM3nKUvOiO//9PheZZHfYRfYl6AwdTH4aTcXSqBerX0ml4A==}
    engines: {node: '>=12'}
    cpu: [mips64el]
    os: [linux]
    requiresBuild: true
    dev: true
    optional: true

  /@esbuild/linux-ppc64@0.17.19:
    resolution: {integrity: sha512-/c/DGybs95WXNS8y3Ti/ytqETiW7EU44MEKuCAcpPto3YjQbyK3IQVKfF6nbghD7EcLUGl0NbiL5Rt5DMhn5tg==}
    engines: {node: '>=12'}
    cpu: [ppc64]
    os: [linux]
    requiresBuild: true
    dev: true
    optional: true

  /@esbuild/linux-riscv64@0.17.19:
    resolution: {integrity: sha512-FC3nUAWhvFoutlhAkgHf8f5HwFWUL6bYdvLc/TTuxKlvLi3+pPzdZiFKSWz/PF30TB1K19SuCxDTI5KcqASJqA==}
    engines: {node: '>=12'}
    cpu: [riscv64]
    os: [linux]
    requiresBuild: true
    dev: true
    optional: true

  /@esbuild/linux-s390x@0.17.19:
    resolution: {integrity: sha512-IbFsFbxMWLuKEbH+7sTkKzL6NJmG2vRyy6K7JJo55w+8xDk7RElYn6xvXtDW8HCfoKBFK69f3pgBJSUSQPr+4Q==}
    engines: {node: '>=12'}
    cpu: [s390x]
    os: [linux]
    requiresBuild: true
    dev: true
    optional: true

  /@esbuild/linux-x64@0.17.19:
    resolution: {integrity: sha512-68ngA9lg2H6zkZcyp22tsVt38mlhWde8l3eJLWkyLrp4HwMUr3c1s/M2t7+kHIhvMjglIBrFpncX1SzMckomGw==}
    engines: {node: '>=12'}
    cpu: [x64]
    os: [linux]
    requiresBuild: true
    dev: true
    optional: true

  /@esbuild/netbsd-x64@0.17.19:
    resolution: {integrity: sha512-CwFq42rXCR8TYIjIfpXCbRX0rp1jo6cPIUPSaWwzbVI4aOfX96OXY8M6KNmtPcg7QjYeDmN+DD0Wp3LaBOLf4Q==}
    engines: {node: '>=12'}
    cpu: [x64]
    os: [netbsd]
    requiresBuild: true
    dev: true
    optional: true

  /@esbuild/openbsd-x64@0.17.19:
    resolution: {integrity: sha512-cnq5brJYrSZ2CF6c35eCmviIN3k3RczmHz8eYaVlNasVqsNY+JKohZU5MKmaOI+KkllCdzOKKdPs762VCPC20g==}
    engines: {node: '>=12'}
    cpu: [x64]
    os: [openbsd]
    requiresBuild: true
    dev: true
    optional: true

  /@esbuild/sunos-x64@0.17.19:
    resolution: {integrity: sha512-vCRT7yP3zX+bKWFeP/zdS6SqdWB8OIpaRq/mbXQxTGHnIxspRtigpkUcDMlSCOejlHowLqII7K2JKevwyRP2rg==}
    engines: {node: '>=12'}
    cpu: [x64]
    os: [sunos]
    requiresBuild: true
    dev: true
    optional: true

  /@esbuild/win32-arm64@0.17.19:
    resolution: {integrity: sha512-yYx+8jwowUstVdorcMdNlzklLYhPxjniHWFKgRqH7IFlUEa0Umu3KuYplf1HUZZ422e3NU9F4LGb+4O0Kdcaag==}
    engines: {node: '>=12'}
    cpu: [arm64]
    os: [win32]
    requiresBuild: true
    dev: true
    optional: true

  /@esbuild/win32-ia32@0.17.19:
    resolution: {integrity: sha512-eggDKanJszUtCdlVs0RB+h35wNlb5v4TWEkq4vZcmVt5u/HiDZrTXe2bWFQUez3RgNHwx/x4sk5++4NSSicKkw==}
    engines: {node: '>=12'}
    cpu: [ia32]
    os: [win32]
    requiresBuild: true
    dev: true
    optional: true

  /@esbuild/win32-x64@0.17.19:
    resolution: {integrity: sha512-lAhycmKnVOuRYNtRtatQR1LPQf2oYCkRGkSFnseDAKPl8lu5SOsK/e1sXe5a0Pc5kHIHe6P2I/ilntNv2xf3cA==}
    engines: {node: '>=12'}
    cpu: [x64]
    os: [win32]
    requiresBuild: true
    dev: true
    optional: true

  /@fastify/busboy@2.1.1:
    resolution: {integrity: sha512-vBZP4NlzfOlerQTnba4aqZoMhE/a9HY7HRqoOPaETQcSQuWEIyZMHGfVu6w9wGtGK5fED5qRs2DteVCjOH60sA==}
    engines: {node: '>=14'}
    dev: true

  /@jridgewell/resolve-uri@3.1.2:
    resolution: {integrity: sha512-bRISgCIjP20/tbWSPWMEi54QVPRZExkuD9lJL+UIxUKtwVJA8wW1Trb1jMs1RFXo1CBTNZ/5hpC9QvmKWdopKw==}
    engines: {node: '>=6.0.0'}
    dev: true

  /@jridgewell/sourcemap-codec@1.4.15:
    resolution: {integrity: sha512-eF2rxCRulEKXHTRiDrDy6erMYWqNw4LPdQ8UQA4huuxaQsVeRPFl2oM8oDGxMFhJUWZf9McpLtJasDDZb/Bpeg==}
    dev: true

  /@jridgewell/trace-mapping@0.3.9:
    resolution: {integrity: sha512-3Belt6tdc8bPgAtbcmdtNJlirVoTmEb5e2gC94PnkwEW9jI6CAHUeoG85tjWP5WquqfavoMtMwiG4P926ZKKuQ==}
    dependencies:
      '@jridgewell/resolve-uri': 3.1.2
      '@jridgewell/sourcemap-codec': 1.4.15
    dev: true

  /@octokit/app@15.1.0:
    resolution: {integrity: sha512-TkBr7QgOmE6ORxvIAhDbZsqPkF7RSqTY4pLTtUQCvr6dTXqvi2fFo46q3h1lxlk/sGMQjqyZ0kEahkD/NyzOHg==}
    engines: {node: '>= 18'}
    dependencies:
      '@octokit/auth-app': 7.1.0
      '@octokit/auth-unauthenticated': 6.1.0
      '@octokit/core': 6.1.2
      '@octokit/oauth-app': 7.1.2
      '@octokit/plugin-paginate-rest': 11.3.0(@octokit/core@6.1.2)
      '@octokit/types': 13.5.0
      '@octokit/webhooks': 13.2.7
    dev: false

  /@octokit/auth-app@7.1.0:
    resolution: {integrity: sha512-cazGaJPSgeZ8NkVYeM/C5l/6IQ5vZnsI8p1aMucadCkt/bndI+q+VqwrlnWbASRmenjOkf1t1RpCKrif53U8gw==}
    engines: {node: '>= 18'}
    dependencies:
      '@octokit/auth-oauth-app': 8.1.1
      '@octokit/auth-oauth-user': 5.1.1
      '@octokit/request': 9.1.1
      '@octokit/request-error': 6.1.1
      '@octokit/types': 13.5.0
      lru-cache: 10.2.2
      universal-github-app-jwt: 2.2.0
      universal-user-agent: 7.0.2
    dev: false

  /@octokit/auth-oauth-app@8.1.1:
    resolution: {integrity: sha512-5UtmxXAvU2wfcHIPPDWzVSAWXVJzG3NWsxb7zCFplCWEmMCArSZV0UQu5jw5goLQXbFyOr5onzEH37UJB3zQQg==}
    engines: {node: '>= 18'}
    dependencies:
      '@octokit/auth-oauth-device': 7.1.1
      '@octokit/auth-oauth-user': 5.1.1
      '@octokit/request': 9.1.1
      '@octokit/types': 13.5.0
      universal-user-agent: 7.0.2
    dev: false

  /@octokit/auth-oauth-device@7.1.1:
    resolution: {integrity: sha512-HWl8lYueHonuyjrKKIup/1tiy0xcmQCdq5ikvMO1YwkNNkxb6DXfrPjrMYItNLyCP/o2H87WuijuE+SlBTT8eg==}
    engines: {node: '>= 18'}
    dependencies:
      '@octokit/oauth-methods': 5.1.2
      '@octokit/request': 9.1.1
      '@octokit/types': 13.5.0
      universal-user-agent: 7.0.2
    dev: false

  /@octokit/auth-oauth-user@5.1.1:
    resolution: {integrity: sha512-rRkMz0ErOppdvEfnemHJXgZ9vTPhBuC6yASeFaB7I2yLMd7QpjfrL1mnvRPlyKo+M6eeLxrKanXJ9Qte29SRsw==}
    engines: {node: '>= 18'}
    dependencies:
      '@octokit/auth-oauth-device': 7.1.1
      '@octokit/oauth-methods': 5.1.2
      '@octokit/request': 9.1.1
      '@octokit/types': 13.5.0
      universal-user-agent: 7.0.2
    dev: false

  /@octokit/auth-token@5.1.1:
    resolution: {integrity: sha512-rh3G3wDO8J9wSjfI436JUKzHIxq8NaiL0tVeB2aXmG6p/9859aUOAjA9pmSPNGGZxfwmaJ9ozOJImuNVJdpvbA==}
    engines: {node: '>= 18'}
    dev: false

  /@octokit/auth-unauthenticated@6.1.0:
    resolution: {integrity: sha512-zPSmfrUAcspZH/lOFQnVnvjQZsIvmfApQH6GzJrkIunDooU1Su2qt2FfMTSVPRp7WLTQyC20Kd55lF+mIYaohQ==}
    engines: {node: '>= 18'}
    dependencies:
      '@octokit/request-error': 6.1.1
      '@octokit/types': 13.5.0
    dev: false

  /@octokit/core@6.1.2:
    resolution: {integrity: sha512-hEb7Ma4cGJGEUNOAVmyfdB/3WirWMg5hDuNFVejGEDFqupeOysLc2sG6HJxY2etBp5YQu5Wtxwi020jS9xlUwg==}
    engines: {node: '>= 18'}
    dependencies:
      '@octokit/auth-token': 5.1.1
      '@octokit/graphql': 8.1.1
      '@octokit/request': 9.1.1
      '@octokit/request-error': 6.1.1
      '@octokit/types': 13.5.0
      before-after-hook: 3.0.2
      universal-user-agent: 7.0.2
    dev: false

  /@octokit/endpoint@10.1.1:
    resolution: {integrity: sha512-JYjh5rMOwXMJyUpj028cu0Gbp7qe/ihxfJMLc8VZBMMqSwLgOxDI1911gV4Enl1QSavAQNJcwmwBF9M0VvLh6Q==}
    engines: {node: '>= 18'}
    dependencies:
      '@octokit/types': 13.5.0
      universal-user-agent: 7.0.2
    dev: false

  /@octokit/graphql@8.1.1:
    resolution: {integrity: sha512-ukiRmuHTi6ebQx/HFRCXKbDlOh/7xEV6QUXaE7MJEKGNAncGI/STSbOkl12qVXZrfZdpXctx5O9X1AIaebiDBg==}
    engines: {node: '>= 18'}
    dependencies:
      '@octokit/request': 9.1.1
      '@octokit/types': 13.5.0
      universal-user-agent: 7.0.2
    dev: false

  /@octokit/oauth-app@7.1.2:
    resolution: {integrity: sha512-4ntCOZIiTozKwuYQroX/ZD722tzMH8Eicv/cgDM/3F3lyrlwENHDv4flTCBpSJbfK546B2SrkKMWB+/HbS84zQ==}
    engines: {node: '>= 18'}
    dependencies:
      '@octokit/auth-oauth-app': 8.1.1
      '@octokit/auth-oauth-user': 5.1.1
      '@octokit/auth-unauthenticated': 6.1.0
      '@octokit/core': 6.1.2
      '@octokit/oauth-authorization-url': 7.1.1
      '@octokit/oauth-methods': 5.1.2
      '@types/aws-lambda': 8.10.140
      universal-user-agent: 7.0.2
    dev: false

  /@octokit/oauth-authorization-url@7.1.1:
    resolution: {integrity: sha512-ooXV8GBSabSWyhLUowlMIVd9l1s2nsOGQdlP2SQ4LnkEsGXzeCvbSbCPdZThXhEFzleGPwbapT0Sb+YhXRyjCA==}
    engines: {node: '>= 18'}
    dev: false

  /@octokit/oauth-methods@5.1.2:
    resolution: {integrity: sha512-C5lglRD+sBlbrhCUTxgJAFjWgJlmTx5bQ7Ch0+2uqRjYv7Cfb5xpX4WuSC9UgQna3sqRGBL9EImX9PvTpMaQ7g==}
    engines: {node: '>= 18'}
    dependencies:
      '@octokit/oauth-authorization-url': 7.1.1
      '@octokit/request': 9.1.1
      '@octokit/request-error': 6.1.1
      '@octokit/types': 13.5.0
    dev: false

  /@octokit/openapi-types@22.2.0:
    resolution: {integrity: sha512-QBhVjcUa9W7Wwhm6DBFu6ZZ+1/t/oYxqc2tp81Pi41YNuJinbFRx8B133qVOrAaBbF7D/m0Et6f9/pZt9Rc+tg==}
    dev: false

  /@octokit/openapi-webhooks-types@8.2.1:
    resolution: {integrity: sha512-msAU1oTSm0ZmvAE0xDemuF4tVs5i0xNnNGtNmr4EuATi+1Rn8cZDetj6NXioSf5LwnxEc209COa/WOSbjuhLUA==}
    dev: false

  /@octokit/plugin-paginate-graphql@5.2.2(@octokit/core@6.1.2):
    resolution: {integrity: sha512-7znSVvlNAOJisCqAnjN1FtEziweOHSjPGAuc5W58NeGNAr/ZB57yCsjQbXDlWsVryA7hHQaEQPcBbJYFawlkyg==}
    engines: {node: '>= 18'}
    peerDependencies:
      '@octokit/core': '>=6'
    dependencies:
      '@octokit/core': 6.1.2
    dev: false

  /@octokit/plugin-paginate-rest@11.3.0(@octokit/core@6.1.2):
    resolution: {integrity: sha512-n4znWfRinnUQF6TPyxs7EctSAA3yVSP4qlJP2YgI3g9d4Ae2n5F3XDOjbUluKRxPU3rfsgpOboI4O4VtPc6Ilg==}
    engines: {node: '>= 18'}
    peerDependencies:
      '@octokit/core': '>=6'
    dependencies:
      '@octokit/core': 6.1.2
      '@octokit/types': 13.5.0
    dev: false

  /@octokit/plugin-rest-endpoint-methods@13.2.1(@octokit/core@6.1.2):
    resolution: {integrity: sha512-YMWBw6Exh1ZBs5cCE0AnzYxSQDIJS00VlBqISTgNYmu5MBdeM07K/MAJjy/VkNaH5jpJmD/5HFUvIZ+LDB5jSQ==}
    engines: {node: '>= 18'}
    peerDependencies:
      '@octokit/core': '>=6'
    dependencies:
      '@octokit/core': 6.1.2
      '@octokit/types': 13.5.0
    dev: false

  /@octokit/plugin-retry@7.1.1(@octokit/core@6.1.2):
    resolution: {integrity: sha512-G9Ue+x2odcb8E1XIPhaFBnTTIrrUDfXN05iFXiqhR+SeeeDMMILcAnysOsxUpEWcQp2e5Ft397FCXTcPkiPkLw==}
    engines: {node: '>= 18'}
    peerDependencies:
      '@octokit/core': '>=6'
    dependencies:
      '@octokit/core': 6.1.2
      '@octokit/request-error': 6.1.1
      '@octokit/types': 13.5.0
      bottleneck: 2.19.5
    dev: false

  /@octokit/plugin-throttling@9.3.0(@octokit/core@6.1.2):
    resolution: {integrity: sha512-B5YTToSRTzNSeEyssnrT7WwGhpIdbpV9NKIs3KyTWHX6PhpYn7gqF/+lL3BvsASBM3Sg5BAUYk7KZx5p/Ec77w==}
    engines: {node: '>= 18'}
    peerDependencies:
      '@octokit/core': ^6.0.0
    dependencies:
      '@octokit/core': 6.1.2
      '@octokit/types': 13.5.0
      bottleneck: 2.19.5
    dev: false

  /@octokit/request-error@6.1.1:
    resolution: {integrity: sha512-1mw1gqT3fR/WFvnoVpY/zUM2o/XkMs/2AszUUG9I69xn0JFLv6PGkPhNk5lbfvROs79wiS0bqiJNxfCZcRJJdg==}
    engines: {node: '>= 18'}
    dependencies:
      '@octokit/types': 13.5.0
    dev: false

  /@octokit/request@9.1.1:
    resolution: {integrity: sha512-pyAguc0p+f+GbQho0uNetNQMmLG1e80WjkIaqqgUkihqUp0boRU6nKItXO4VWnr+nbZiLGEyy4TeKRwqaLvYgw==}
    engines: {node: '>= 18'}
    dependencies:
      '@octokit/endpoint': 10.1.1
      '@octokit/request-error': 6.1.1
      '@octokit/types': 13.5.0
      universal-user-agent: 7.0.2
    dev: false

  /@octokit/types@13.5.0:
    resolution: {integrity: sha512-HdqWTf5Z3qwDVlzCrP8UJquMwunpDiMPt5er+QjGzL4hqr/vBVY/MauQgS1xWxCDT1oMx1EULyqxncdCY/NVSQ==}
    dependencies:
      '@octokit/openapi-types': 22.2.0
    dev: false

  /@octokit/webhooks-methods@5.1.0:
    resolution: {integrity: sha512-yFZa3UH11VIxYnnoOYCVoJ3q4ChuSOk2IVBBQ0O3xtKX4x9bmKb/1t+Mxixv2iUhzMdOl1qeWJqEhouXXzB3rQ==}
    engines: {node: '>= 18'}
    dev: false

  /@octokit/webhooks@13.2.7:
    resolution: {integrity: sha512-sPHCyi9uZuCs1gg0yF53FFocM+GsiiBEhQQV/itGzzQ8gjyv2GMJ1YvgdDY4lC0ePZeiV3juEw4GbS6w1VHhRw==}
    engines: {node: '>= 18'}
    dependencies:
      '@octokit/openapi-webhooks-types': 8.2.1
      '@octokit/request-error': 6.1.1
      '@octokit/webhooks-methods': 5.1.0
      aggregate-error: 5.0.0
    dev: false

  /@types/aws-lambda@8.10.140:
    resolution: {integrity: sha512-4Dh3dk2TUcbdfHrX0Al90mNGJDvA9NBiTQPzbrjGi/dLxzKCGOYgT8YQ47jUKNFALkAJAadifq0pzyjIUlhVhg==}
    dev: false

  /@types/node-forge@1.3.11:
    resolution: {integrity: sha512-FQx220y22OKNTqaByeBGqHWYz4cl94tpcxeFdvBo3wjG6XPBuZ0BNgNZRV5J5TFmmcsJ4IzsLkmGRiQbnYsBEQ==}
    dependencies:
      '@types/node': 20.14.5
    dev: true

  /@types/node@20.14.5:
    resolution: {integrity: sha512-aoRR+fJkZT2l0aGOJhuA8frnCSoNX6W7U2mpNq63+BxBIj5BQFt8rHy627kijCmm63ijdSdwvGgpUsU6MBsZZA==}
    dependencies:
      undici-types: 5.26.5
    dev: true

  /acorn-walk@8.3.3:
    resolution: {integrity: sha512-MxXdReSRhGO7VlFe1bRG/oI7/mdLV9B9JJT0N8vZOhF7gFRR5l3M8W9G8JxmKV+JC5mGqJ0QvqfSOLsCPa4nUw==}
    engines: {node: '>=0.4.0'}
    dependencies:
      acorn: 8.12.0
    dev: true

  /acorn@8.12.0:
    resolution: {integrity: sha512-RTvkC4w+KNXrM39/lWCUaG0IbRkWdCv7W/IOW9oU6SawyxulvkQy5HQPVTKxEjczcUvapcrw3cFx/60VN/NRNw==}
    engines: {node: '>=0.4.0'}
    hasBin: true
    dev: true

  /aggregate-error@5.0.0:
    resolution: {integrity: sha512-gOsf2YwSlleG6IjRYG2A7k0HmBMEo6qVNk9Bp/EaLgAJT5ngH6PXbqa4ItvnEwCm/velL5jAnQgsHsWnjhGmvw==}
    engines: {node: '>=18'}
    dependencies:
      clean-stack: 5.2.0
      indent-string: 5.0.0
    dev: false

  /anymatch@3.1.3:
    resolution: {integrity: sha512-KMReFUr0B4t+D+OBkjR3KYqvocp2XaSzO55UcB6mgQMd3KbcE+mWTyvVV7D/zsdEbNnV6acZUutkiHQXvTr1Rw==}
    engines: {node: '>= 8'}
    dependencies:
      normalize-path: 3.0.0
      picomatch: 2.3.1
    dev: true

  /as-table@1.0.55:
    resolution: {integrity: sha512-xvsWESUJn0JN421Xb9MQw6AsMHRCUknCe0Wjlxvjud80mU4E6hQf1A6NzQKcYNmYw62MfzEtXc+badstZP3JpQ==}
    dependencies:
      printable-characters: 1.0.42
    dev: true

  /before-after-hook@3.0.2:
    resolution: {integrity: sha512-Nik3Sc0ncrMK4UUdXQmAnRtzmNQTAAXmXIopizwZ1W1t8QmfJj+zL4OA2I7XPTPW5z5TDqv4hRo/JzouDJnX3A==}
    dev: false

  /binary-extensions@2.3.0:
    resolution: {integrity: sha512-Ceh+7ox5qe7LJuLHoY0feh3pHuUDHAcRUeyL2VYghZwfpkNIy/+8Ocg0a3UuSoYzavmylwuLWQOf3hl0jjMMIw==}
    engines: {node: '>=8'}
    dev: true

  /blake3-wasm@2.1.5:
    resolution: {integrity: sha512-F1+K8EbfOZE49dtoPtmxUQrpXaBIl3ICvasLh+nJta0xkz+9kF/7uet9fLnwKqhDrmj6g+6K3Tw9yQPUg2ka5g==}
    dev: true

  /bottleneck@2.19.5:
    resolution: {integrity: sha512-VHiNCbI1lKdl44tGrhNfU3lup0Tj/ZBMJB5/2ZbNXRCPuRCO7ed2mgcK4r17y+KB2EfuYuRaVlwNbAeaWGSpbw==}
    dev: false

  /braces@3.0.3:
    resolution: {integrity: sha512-yQbXgO/OSZVD2IsiLlro+7Hf6Q18EJrKSEsdoMzKePKXct3gvD8oLcOQdIzGupr5Fj+EDe8gO/lxc1BzfMpxvA==}
    engines: {node: '>=8'}
    dependencies:
      fill-range: 7.1.1
    dev: true

  /capnp-ts@0.7.0:
    resolution: {integrity: sha512-XKxXAC3HVPv7r674zP0VC3RTXz+/JKhfyw94ljvF80yynK6VkTnqE3jMuN8b3dUVmmc43TjyxjW4KTsmB3c86g==}
    dependencies:
      debug: 4.3.5
      tslib: 2.6.3
    transitivePeerDependencies:
      - supports-color
    dev: true

  /chokidar@3.6.0:
    resolution: {integrity: sha512-7VT13fmjotKpGipCW9JEQAusEPE+Ei8nl6/g4FBAmIm0GOOLMua9NDDo/DWp0ZAxCr3cPq5ZpBqmPAQgDda2Pw==}
    engines: {node: '>= 8.10.0'}
    dependencies:
      anymatch: 3.1.3
      braces: 3.0.3
      glob-parent: 5.1.2
      is-binary-path: 2.1.0
      is-glob: 4.0.3
      normalize-path: 3.0.0
      readdirp: 3.6.0
    optionalDependencies:
      fsevents: 2.3.3
    dev: true

  /clean-stack@5.2.0:
    resolution: {integrity: sha512-TyUIUJgdFnCISzG5zu3291TAsE77ddchd0bepon1VVQrKLGKFED4iXFEDQ24mIPdPBbyE16PK3F8MYE1CmcBEQ==}
    engines: {node: '>=14.16'}
    dependencies:
      escape-string-regexp: 5.0.0
    dev: false

  /consola@3.2.3:
    resolution: {integrity: sha512-I5qxpzLv+sJhTVEoLYNcTW+bThDCPsit0vLNKShZx6rLtpilNpmmeTPaeqJb9ZE9dV3DGaeby6Vuhrw38WjeyQ==}
    engines: {node: ^14.18.0 || >=16.10.0}
    dev: true

  /cookie@0.5.0:
    resolution: {integrity: sha512-YZ3GUyn/o8gfKJlnlX7g7xq4gyO6OSuhGPKaaGssGB2qgDUS0gPgtTvoyZLTt9Ab6dC4hfc9dV5arkvc/OCmrw==}
    engines: {node: '>= 0.6'}
    dev: true

  /data-uri-to-buffer@2.0.2:
    resolution: {integrity: sha512-ND9qDTLc6diwj+Xe5cdAgVTbLVdXbtxTJRXRhli8Mowuaan+0EJOtdqJ0QCHNSSPyoXGx9HX2/VMnKeC34AChA==}
    dev: true

  /debug@4.3.5:
    resolution: {integrity: sha512-pt0bNEmneDIvdL1Xsd9oDQ/wrQRkXDT4AUWlNZNPKvW5x/jyO9VFXkJUP07vQ2upmw5PlaITaPKc31jK13V+jg==}
    engines: {node: '>=6.0'}
    peerDependencies:
      supports-color: '*'
    peerDependenciesMeta:
      supports-color:
        optional: true
    dependencies:
      ms: 2.1.2
    dev: true

  /defu@6.1.4:
    resolution: {integrity: sha512-mEQCMmwJu317oSz8CwdIOdwf3xMif1ttiM8LTufzc3g6kR+9Pe236twL8j3IYT1F7GfRgGcW6MWxzZjLIkuHIg==}
    dev: true

  /esbuild@0.17.19:
    resolution: {integrity: sha512-XQ0jAPFkK/u3LcVRcvVHQcTIqD6E2H1fvZMA5dQPSOWb3suUbWbfbRf94pjc0bNzRYLfIrDRQXr7X+LHIm5oHw==}
    engines: {node: '>=12'}
    hasBin: true
    requiresBuild: true
    optionalDependencies:
      '@esbuild/android-arm': 0.17.19
      '@esbuild/android-arm64': 0.17.19
      '@esbuild/android-x64': 0.17.19
      '@esbuild/darwin-arm64': 0.17.19
      '@esbuild/darwin-x64': 0.17.19
      '@esbuild/freebsd-arm64': 0.17.19
      '@esbuild/freebsd-x64': 0.17.19
      '@esbuild/linux-arm': 0.17.19
      '@esbuild/linux-arm64': 0.17.19
      '@esbuild/linux-ia32': 0.17.19
      '@esbuild/linux-loong64': 0.17.19
      '@esbuild/linux-mips64el': 0.17.19
      '@esbuild/linux-ppc64': 0.17.19
      '@esbuild/linux-riscv64': 0.17.19
      '@esbuild/linux-s390x': 0.17.19
      '@esbuild/linux-x64': 0.17.19
      '@esbuild/netbsd-x64': 0.17.19
      '@esbuild/openbsd-x64': 0.17.19
      '@esbuild/sunos-x64': 0.17.19
      '@esbuild/win32-arm64': 0.17.19
      '@esbuild/win32-ia32': 0.17.19
      '@esbuild/win32-x64': 0.17.19
    dev: true

  /escape-string-regexp@4.0.0:
    resolution: {integrity: sha512-TtpcNJ3XAzx3Gq8sWRzJaVajRs0uVxA2YAkdb1jm2YkPz4G6egUFAyA3n5vtEIZefPk5Wa4UXbKuS5fKkJWdgA==}
    engines: {node: '>=10'}
    dev: true

  /escape-string-regexp@5.0.0:
    resolution: {integrity: sha512-/veY75JbMK4j1yjvuUxuVsiS/hr/4iHs9FTT6cgTexxdE0Ly/glccBAkloH/DofkjRbZU3bnoj38mOmhkZ0lHw==}
    engines: {node: '>=12'}
    dev: false

  /estree-walker@0.6.1:
    resolution: {integrity: sha512-SqmZANLWS0mnatqbSfRP5g8OXZC12Fgg1IwNtLsyHDzJizORW4khDfjPqJZsemPWBB2uqykUah5YpQ6epsqC/w==}
    dev: true

  /exit-hook@2.2.1:
    resolution: {integrity: sha512-eNTPlAD67BmP31LDINZ3U7HSF8l57TxOY2PmBJ1shpCvpnxBF93mWCE8YHBnXs8qiUZJc9WDcWIeC3a2HIAMfw==}
    engines: {node: '>=6'}
    dev: true

  /fill-range@7.1.1:
    resolution: {integrity: sha512-YsGpe3WHLK8ZYi4tWDg2Jy3ebRz2rXowDxnld4bkQB00cc/1Zw9AWnC0i9ztDJitivtQvaI9KaLyKrc+hBW0yg==}
    engines: {node: '>=8'}
    dependencies:
      to-regex-range: 5.0.1
    dev: true

  /fsevents@2.3.3:
    resolution: {integrity: sha512-5xoDfX+fL7faATnagmWPpbFtwh/R77WmMMqqHGS65C3vvB0YHrgF+B1YmZ3441tMj5n63k0212XNoJwzlhffQw==}
    engines: {node: ^8.16.0 || ^10.6.0 || >=11.0.0}
    os: [darwin]
    requiresBuild: true
    dev: true
    optional: true

  /function-bind@1.1.2:
    resolution: {integrity: sha512-7XHNxH7qX9xG5mIwxkhumTox/MIRNcOgDrxWsMt2pAr23WHp6MrRlN7FBSFpCpr+oVO0F744iUgR82nJMfG2SA==}
    dev: true

  /get-source@2.0.12:
    resolution: {integrity: sha512-X5+4+iD+HoSeEED+uwrQ07BOQr0kEDFMVqqpBuI+RaZBpBpHCuXxo70bjar6f0b0u/DQJsJ7ssurpP0V60Az+w==}
    dependencies:
      data-uri-to-buffer: 2.0.2
      source-map: 0.6.1
    dev: true

  /glob-parent@5.1.2:
    resolution: {integrity: sha512-AOIgSQCepiJYwP3ARnGx+5VnTu2HBYdzbGP45eLw1vr3zB3vZLeyed1sC9hnbcOc9/SrMyM5RPQrkGz4aS9Zow==}
    engines: {node: '>= 6'}
    dependencies:
      is-glob: 4.0.3
    dev: true

  /glob-to-regexp@0.4.1:
    resolution: {integrity: sha512-lkX1HJXwyMcprw/5YUZc2s7DrpAiHB21/V+E1rHUrVNokkvB6bqMzT0VfV6/86ZNabt1k14YOIaT7nDvOX3Iiw==}
    dev: true

  /hasown@2.0.2:
    resolution: {integrity: sha512-0hJU9SCPvmMzIBdZFqNPXWa6dqh7WdH0cII9y+CyS8rG3nL48Bclra9HmKhVVUHyPWNH5Y7xDwAB7bfgSjkUMQ==}
    engines: {node: '>= 0.4'}
    dependencies:
      function-bind: 1.1.2
    dev: true

  /hono@4.4.6:
    resolution: {integrity: sha512-XGRnoH8WONv60+PPvP9Sn067A9r/8JdHDJ5bgon0DVEHeR1cJPkWjv2aT+DBfMH9/mEkYa1+VEVFp1DT1lIwjw==}
    engines: {node: '>=16.0.0'}
    dev: false

  /indent-string@5.0.0:
    resolution: {integrity: sha512-m6FAo/spmsW2Ab2fU35JTYwtOKa2yAwXSwgjSv1TJzh4Mh7mC3lzAOVLBprb72XsTrgkEIsl7YrFNAiDiRhIGg==}
    engines: {node: '>=12'}
    dev: false

  /is-binary-path@2.1.0:
    resolution: {integrity: sha512-ZMERYes6pDydyuGidse7OsHxtbI7WVeUEozgR/g7rd0xUimYNlvZRE/K2MgZTjWy725IfelLeVcEM97mmtRGXw==}
    engines: {node: '>=8'}
    dependencies:
      binary-extensions: 2.3.0
    dev: true

  /is-core-module@2.13.1:
    resolution: {integrity: sha512-hHrIjvZsftOsvKSn2TRYl63zvxsgE0K+0mYMoH6gD4omR5IWB2KynivBQczo3+wF1cCkjzvptnI9Q0sPU66ilw==}
    dependencies:
      hasown: 2.0.2
    dev: true

  /is-extglob@2.1.1:
    resolution: {integrity: sha512-SbKbANkN603Vi4jEZv49LeVJMn4yGwsbzZworEoyEiutsN3nJYdbO36zfhGJ6QEDpOZIFkDtnq5JRxmvl3jsoQ==}
    engines: {node: '>=0.10.0'}
    dev: true

  /is-glob@4.0.3:
    resolution: {integrity: sha512-xelSayHH36ZgE7ZWhli7pW34hNbNl8Ojv5KVmkJD4hBdD3th8Tfk9vYasLM+mXWOZhFkgZfxhLSnrwRr4elSSg==}
    engines: {node: '>=0.10.0'}
    dependencies:
      is-extglob: 2.1.1
    dev: true

  /is-number@7.0.0:
    resolution: {integrity: sha512-41Cifkg6e8TylSpdtTpeLVMqvSBEVzTttHvERD741+pnZ8ANv0004MRL43QKPDlK9cGvNp6NZWZUBlbGXYxxng==}
    engines: {node: '>=0.12.0'}
    dev: true

  /lru-cache@10.2.2:
    resolution: {integrity: sha512-9hp3Vp2/hFQUiIwKo8XCeFVnrg8Pk3TYNPIR7tJADKi5YfcF7vEaK7avFHTlSy3kOKYaJQaalfEo6YuXdceBOQ==}
    engines: {node: 14 || >=16.14}
    dev: false

  /magic-string@0.25.9:
    resolution: {integrity: sha512-RmF0AsMzgt25qzqqLc1+MbHmhdx0ojF2Fvs4XnOqz2ZOBXzzkEwc/dJQZCYHAn7v1jbVOjAZfK8msRn4BxO4VQ==}
    dependencies:
      sourcemap-codec: 1.4.8
    dev: true

  /mime@3.0.0:
    resolution: {integrity: sha512-jSCU7/VB1loIWBZe14aEYHU/+1UMEHoaO7qxCOVJOw9GgH72VAWppxNcjU+x9a2k3GSIBXNKxXQFqRvvZ7vr3A==}
    engines: {node: '>=10.0.0'}
    hasBin: true
    dev: true

  /miniflare@3.20240610.0:
    resolution: {integrity: sha512-J6aXmkII5gcq+kC4TurxKiR4rC++apPST/K8P/YjqoQQgrJ+NRPacBhf6iVh8R3ujnXYXaq+Ae+gm+LM0XHK/w==}
    engines: {node: '>=16.13'}
    hasBin: true
    dependencies:
      '@cspotcode/source-map-support': 0.8.1
      acorn: 8.12.0
      acorn-walk: 8.3.3
      capnp-ts: 0.7.0
      exit-hook: 2.2.1
      glob-to-regexp: 0.4.1
      stoppable: 1.1.0
      undici: 5.28.4
      workerd: 1.20240610.1
      ws: 8.17.1
      youch: 3.3.3
      zod: 3.23.8
    transitivePeerDependencies:
      - bufferutil
      - supports-color
      - utf-8-validate
    dev: true

  /ms@2.1.2:
    resolution: {integrity: sha512-sGkPx+VjMtmA6MX27oA4FBFELFCZZ4S4XqeGOXCv68tT+jb3vk/RyaKWP0PTKyWtmLSM0b+adUTEvbs1PEaH2w==}
    dev: true

  /mustache@4.2.0:
    resolution: {integrity: sha512-71ippSywq5Yb7/tVYyGbkBggbU8H3u5Rz56fH60jGFgr8uHwxs+aSKeqmluIVzM0m0kB7xQjKS6qPfd0b2ZoqQ==}
    hasBin: true
    dev: true

  /nanoid@3.3.7:
    resolution: {integrity: sha512-eSRppjcPIatRIMC1U6UngP8XFcz8MQWGQdt1MTBQ7NaAmvXDfvNxbvWV3x2y6CdEUciCSsDHDQZbhYaB8QEo2g==}
    engines: {node: ^10 || ^12 || ^13.7 || ^14 || >=15.0.1}
    hasBin: true
    dev: true

  /node-fetch-native@1.6.4:
    resolution: {integrity: sha512-IhOigYzAKHd244OC0JIMIUrjzctirCmPkaIfhDeGcEETWof5zKYUW7e7MYvChGWh/4CJeXEgsRyGzuF334rOOQ==}
    dev: true

  /node-forge@1.3.1:
    resolution: {integrity: sha512-dPEtOeMvF9VMcYV/1Wb8CPoVAXtp6MKMlcbAt4ddqmGqUJ6fQZFXkNZNkNlfevtNkGtaSoXf/vNNNSvgrdXwtA==}
    engines: {node: '>= 6.13.0'}
    dev: true

  /normalize-path@3.0.0:
    resolution: {integrity: sha512-6eZs5Ls3WtCisHWp9S2GUy8dqkpGi4BVSz3GaqiE6ezub0512ESztXUwUB6C6IKbQkY2Pnb/mD4WYojCRwcwLA==}
    engines: {node: '>=0.10.0'}
    dev: true

  /octokit@4.0.2:
    resolution: {integrity: sha512-wbqF4uc1YbcldtiBFfkSnquHtECEIpYD78YUXI6ri1Im5OO2NLo6ZVpRdbJpdnpZ05zMrVPssNiEo6JQtea+Qg==}
    engines: {node: '>= 18'}
    dependencies:
      '@octokit/app': 15.1.0
      '@octokit/core': 6.1.2
      '@octokit/oauth-app': 7.1.2
      '@octokit/plugin-paginate-graphql': 5.2.2(@octokit/core@6.1.2)
      '@octokit/plugin-paginate-rest': 11.3.0(@octokit/core@6.1.2)
      '@octokit/plugin-rest-endpoint-methods': 13.2.1(@octokit/core@6.1.2)
      '@octokit/plugin-retry': 7.1.1(@octokit/core@6.1.2)
      '@octokit/plugin-throttling': 9.3.0(@octokit/core@6.1.2)
      '@octokit/request-error': 6.1.1
      '@octokit/types': 13.5.0
    dev: false

  /path-parse@1.0.7:
    resolution: {integrity: sha512-LDJzPVEEEPR+y48z93A0Ed0yXb8pAByGWo/k5YYdYgpY2/2EsOsksJrq7lOHxryrVOn1ejG6oAp8ahvOIQD8sw==}
    dev: true

  /path-to-regexp@6.2.2:
    resolution: {integrity: sha512-GQX3SSMokngb36+whdpRXE+3f9V8UzyAorlYvOGx87ufGHehNTn5lCxrKtLyZ4Yl/wEKnNnr98ZzOwwDZV5ogw==}
    dev: true

  /pathe@1.1.2:
    resolution: {integrity: sha512-whLdWMYL2TwI08hn8/ZqAbrVemu0LNaNNJZX73O6qaIdCTfXutsLhMkjdENX0qhsQ9uIimo4/aQOmXkoon2nDQ==}
    dev: true

  /picomatch@2.3.1:
    resolution: {integrity: sha512-JU3teHTNjmE2VCGFzuY8EXzCDVwEqB2a8fsIvwaStHhAWJEeVd1o1QD80CU6+ZdEXXSLbSsuLwJjkCBWqRQUVA==}
    engines: {node: '>=8.6'}
    dev: true

  /printable-characters@1.0.42:
    resolution: {integrity: sha512-dKp+C4iXWK4vVYZmYSd0KBH5F/h1HoZRsbJ82AVKRO3PEo8L4lBS/vLwhVtpwwuYcoIsVY+1JYKR268yn480uQ==}
    dev: true

  /readdirp@3.6.0:
    resolution: {integrity: sha512-hOS089on8RduqdbhvQ5Z37A0ESjsqz6qnRcffsMU3495FuTdqSm+7bhJ29JvIOsBDEEnan5DPu9t3To9VRlMzA==}
    engines: {node: '>=8.10.0'}
    dependencies:
      picomatch: 2.3.1
    dev: true

  /resolve.exports@2.0.2:
    resolution: {integrity: sha512-X2UW6Nw3n/aMgDVy+0rSqgHlv39WZAlZrXCdnbyEiKm17DSqHX4MmQMaST3FbeWR5FTuRcUwYAziZajji0Y7mg==}
    engines: {node: '>=10'}
    dev: true

  /resolve@1.22.8:
    resolution: {integrity: sha512-oKWePCxqpd6FlLvGV1VU0x7bkPmmCNolxzjMf4NczoDnQcIWrAF+cPtZn5i6n+RfD2d9i0tzpKnG6Yk168yIyw==}
    hasBin: true
    dependencies:
      is-core-module: 2.13.1
      path-parse: 1.0.7
      supports-preserve-symlinks-flag: 1.0.0
    dev: true

  /rollup-plugin-inject@3.0.2:
    resolution: {integrity: sha512-ptg9PQwzs3orn4jkgXJ74bfs5vYz1NCZlSQMBUA0wKcGp5i5pA1AO3fOUEte8enhGUC+iapTCzEWw2jEFFUO/w==}
    deprecated: This package has been deprecated and is no longer maintained. Please use @rollup/plugin-inject.
    dependencies:
      estree-walker: 0.6.1
      magic-string: 0.25.9
      rollup-pluginutils: 2.8.2
    dev: true

  /rollup-plugin-node-polyfills@0.2.1:
    resolution: {integrity: sha512-4kCrKPTJ6sK4/gLL/U5QzVT8cxJcofO0OU74tnB19F40cmuAKSzH5/siithxlofFEjwvw1YAhPmbvGNA6jEroA==}
    dependencies:
      rollup-plugin-inject: 3.0.2
    dev: true

  /rollup-pluginutils@2.8.2:
    resolution: {integrity: sha512-EEp9NhnUkwY8aif6bxgovPHMoMoNr2FulJziTndpt5H9RdwC47GSGuII9XxpSdzVGM0GWrNPHV6ie1LTNJPaLQ==}
    dependencies:
      estree-walker: 0.6.1
    dev: true

  /selfsigned@2.4.1:
    resolution: {integrity: sha512-th5B4L2U+eGLq1TVh7zNRGBapioSORUeymIydxgFpwww9d2qyKvtuPU2jJuHvYAwwqi2Y596QBL3eEqcPEYL8Q==}
    engines: {node: '>=10'}
    dependencies:
      '@types/node-forge': 1.3.11
      node-forge: 1.3.1
    dev: true

  /source-map@0.6.1:
    resolution: {integrity: sha512-UjgapumWlbMhkBgzT7Ykc5YXUT46F0iKu8SGXq0bcwP5dz/h0Plj6enJqjz1Zbq2l5WaqYnrVbwWOWMyF3F47g==}
    engines: {node: '>=0.10.0'}
    dev: true

  /sourcemap-codec@1.4.8:
    resolution: {integrity: sha512-9NykojV5Uih4lgo5So5dtw+f0JgJX30KCNI8gwhz2J9A15wD0Ml6tjHKwf6fTSa6fAdVBdZeNOs9eJ71qCk8vA==}
    deprecated: Please use @jridgewell/sourcemap-codec instead
    dev: true

  /stacktracey@2.1.8:
    resolution: {integrity: sha512-Kpij9riA+UNg7TnphqjH7/CzctQ/owJGNbFkfEeve4Z4uxT5+JapVLFXcsurIfN34gnTWZNJ/f7NMG0E8JDzTw==}
    dependencies:
      as-table: 1.0.55
      get-source: 2.0.12
    dev: true

  /stoppable@1.1.0:
    resolution: {integrity: sha512-KXDYZ9dszj6bzvnEMRYvxgeTHU74QBFL54XKtP3nyMuJ81CFYtABZ3bAzL2EdFUaEwJOBOgENyFj3R7oTzDyyw==}
    engines: {node: '>=4', npm: '>=6'}
    dev: true

  /supports-preserve-symlinks-flag@1.0.0:
    resolution: {integrity: sha512-ot0WnXS9fgdkgIcePe6RHNk1WA8+muPa6cSjeR3V8K27q9BB1rTE3R1p7Hv0z1ZyAc8s6Vvv8DIyWf681MAt0w==}
    engines: {node: '>= 0.4'}
    dev: true

  /to-regex-range@5.0.1:
    resolution: {integrity: sha512-65P7iz6X5yEr1cwcgvQxbbIw7Uk3gOy5dIdtZ4rDveLqhrdJP+Li/Hx6tyK0NEb+2GCyneCMJiGqrADCSNk8sQ==}
    engines: {node: '>=8.0'}
    dependencies:
      is-number: 7.0.0
    dev: true

  /tslib@2.6.3:
    resolution: {integrity: sha512-xNvxJEOUiWPGhUuUdQgAJPKOOJfGnIyKySOc09XkKsgdUV/3E2zvwZYdejjmRgPCgcym1juLH3226yA7sEFJKQ==}
    dev: true

  /ufo@1.5.3:
    resolution: {integrity: sha512-Y7HYmWaFwPUmkoQCUIAYpKqkOf+SbVj/2fJJZ4RJMCfZp0rTGwRbzQD+HghfnhKOjL9E01okqz+ncJskGYfBNw==}
    dev: true

  /undici-types@5.26.5:
    resolution: {integrity: sha512-JlCMO+ehdEIKqlFxk6IfVoAUVmgz7cU7zD/h9XZ0qzeosSHmUJVOzSQvvYSYWXkFXC+IfLKSIffhv0sVZup6pA==}
    dev: true

  /undici@5.28.4:
    resolution: {integrity: sha512-72RFADWFqKmUb2hmmvNODKL3p9hcB6Gt2DOQMis1SEBaV6a4MH8soBvzg+95CYhCKPFedut2JY9bMfrDl9D23g==}
    engines: {node: '>=14.0'}
    dependencies:
      '@fastify/busboy': 2.1.1
    dev: true

  /unenv-nightly@1.10.0-1717606461.a117952:
    resolution: {integrity: sha512-u3TfBX02WzbHTpaEfWEKwDijDSFAHcgXkayUZ+MVDrjhLFvgAJzFGTSTmwlEhwWi2exyRQey23ah9wELMM6etg==}
    dependencies:
      consola: 3.2.3
      defu: 6.1.4
      mime: 3.0.0
      node-fetch-native: 1.6.4
      pathe: 1.1.2
      ufo: 1.5.3
    dev: true

  /universal-github-app-jwt@2.2.0:
    resolution: {integrity: sha512-G5o6f95b5BggDGuUfKDApKaCgNYy2x7OdHY0zSMF081O0EJobw+1130VONhrA7ezGSV2FNOGyM+KQpQZAr9bIQ==}
    dev: false

  /universal-user-agent@7.0.2:
    resolution: {integrity: sha512-0JCqzSKnStlRRQfCdowvqy3cy0Dvtlb8xecj/H8JFZuCze4rwjPZQOgvFvn0Ws/usCHQFGpyr+pB9adaGwXn4Q==}
    dev: false

  /workerd@1.20240610.1:
    resolution: {integrity: sha512-Rtut5GrsODQMh6YU43b9WZ980Wd05Ov1/ds88pT/SoetmXFBvkBzdRfiHiATv+azmGX8KveE0i/Eqzk/yI01ug==}
    engines: {node: '>=16'}
    hasBin: true
    requiresBuild: true
    optionalDependencies:
      '@cloudflare/workerd-darwin-64': 1.20240610.1
      '@cloudflare/workerd-darwin-arm64': 1.20240610.1
      '@cloudflare/workerd-linux-64': 1.20240610.1
      '@cloudflare/workerd-linux-arm64': 1.20240610.1
      '@cloudflare/workerd-windows-64': 1.20240610.1
    dev: true

  /wrangler@3.60.3(@cloudflare/workers-types@4.20240614.0):
    resolution: {integrity: sha512-a6zn/KFnYaYp3nxJR/aP0TeaBvJDkrrfI89KoxUtx28H7zpya/5/VLu3CxQ3PRspEojJGF0s6f3/pddRy3F+BQ==}
    engines: {node: '>=16.17.0'}
    hasBin: true
    peerDependencies:
      '@cloudflare/workers-types': ^4.20240605.0
    peerDependenciesMeta:
      '@cloudflare/workers-types':
        optional: true
    dependencies:
      '@cloudflare/kv-asset-handler': 0.3.2
      '@cloudflare/workers-types': 4.20240614.0
      '@esbuild-plugins/node-globals-polyfill': 0.2.3(esbuild@0.17.19)
      '@esbuild-plugins/node-modules-polyfill': 0.2.2(esbuild@0.17.19)
      blake3-wasm: 2.1.5
      chokidar: 3.6.0
      esbuild: 0.17.19
      miniflare: 3.20240610.0
      nanoid: 3.3.7
      path-to-regexp: 6.2.2
      resolve: 1.22.8
      resolve.exports: 2.0.2
      selfsigned: 2.4.1
      source-map: 0.6.1
      unenv: /unenv-nightly@1.10.0-1717606461.a117952
      xxhash-wasm: 1.0.2
    optionalDependencies:
      fsevents: 2.3.3
    transitivePeerDependencies:
      - bufferutil
      - supports-color
      - utf-8-validate
    dev: true

  /ws@8.17.1:
    resolution: {integrity: sha512-6XQFvXTkbfUOZOKKILFG1PDK2NDQs4azKQl26T0YS5CxqWLgXajbPZ+h4gZekJyRqFU8pvnbAbbs/3TgRPy+GQ==}
    engines: {node: '>=10.0.0'}
    peerDependencies:
      bufferutil: ^4.0.1
      utf-8-validate: '>=5.0.2'
    peerDependenciesMeta:
      bufferutil:
        optional: true
      utf-8-validate:
        optional: true
    dev: true

  /xxhash-wasm@1.0.2:
    resolution: {integrity: sha512-ibF0Or+FivM9lNrg+HGJfVX8WJqgo+kCLDc4vx6xMeTce7Aj+DLttKbxxRR/gNLSAelRc1omAPlJ77N/Jem07A==}
    dev: true

  /youch@3.3.3:
    resolution: {integrity: sha512-qSFXUk3UZBLfggAW3dJKg0BMblG5biqSF8M34E06o5CSsZtH92u9Hqmj2RzGiHDi64fhe83+4tENFP2DB6t6ZA==}
    dependencies:
      cookie: 0.5.0
      mustache: 4.2.0
      stacktracey: 2.1.8
    dev: true

  /zod@3.23.8:
    resolution: {integrity: sha512-XBx9AXhXktjUqnepgTiE5flcKIYWi/rme0Eaj+5Y0lftuGBq+jyRu/md4WnuxqgP1ubdpNCsYEYPxrzVHD8d6g==}
    dev: true
